{
  "name": "todolist",
  "version": "1.0.0",
  "lockfileVersion": 3,
  "requires": true,
  "packages": {
    "": {
      "name": "todolist",
      "version": "1.0.0",
      "dependencies": {
        "@neon/config": "^1.7.3"
      }
    },
    "node_modules/@neon/config": {
      "version": "1.7.3",
      "resolved": "https://registry.npmjs.org/@neon/config/-/config-1.7.3.tgz",
      "integrity": "sha512-LlebODzVn0A9BUaHJpSpCwwKo2Psw2RQf3hpFJoKmJk3Lw82DqaXuTdFmTfRd2+K5IcX+H6OCss2VqqNqTTpiQ==",
      "license": "Apache-2.0",
      "dependencies": {
        "@neon/sdk": "6.1.0",
        "jiti": "^2.7.0",
        "zod": "^4.4.3"
      },
      "engines": {
        "node": ">=20.19.0"
      }
    },
    "node_modules/@neon/sdk": {
      "version": "6.1.0",
      "resolved": "https://registry.npmjs.org/@neon/sdk/-/sdk-6.1.0.tgz",
      "integrity": "sha512-4HtXNOURpcNqJbBBytSIjiZ1O3wnEmxjDlrUBu6zPT/MH1GutDQ91XcJLY4tMklIoK0qQmmiuqIlAGexekZSjQ==",
      "license": "Apache-2.0",
      "engines": {
        "node": ">=20.19.0"
      }
    },
    "node_modules/jiti": {
      "version": "2.7.0",
      "resolved": "https://registry.npmjs.org/jiti/-/jiti-2.7.0.tgz",
      "integrity": "sha512-AC/7JofJvZGrrneWNaEnJeOLUx+JlGt7tNa0wZiRPT4MY1wmfKjt2+6O2p2uz2+skll8OZZmJMNqeke7kKbNgQ==",
      "license": "MIT",
      "bin": {
        "jiti": "lib/jiti-cli.mjs"
      }
    },
    "node_modules/zod": {
      "version": "4.6.5",
      "resolved": "https://registry.npmjs.org/zod/-/zod-4.6.5.tgz",
      "integrity": "sha512-v5l/aFXZQeai4awLbOpSoHecE9UiMrnfx75tEXLjNonXVARxQ5mOeipTjROUchszUNCqnE+hqAMujRsRHsut2Q==",
      "license": "MIT",
      "funding": {
        "url": "https://github.com/sponsors/colinhacks"
      }
    }
  }
}
